
Microsoft Visual Studio Solution File, Format Version 12.00
# Visual Studio 14
VisualStudioVersion = 14.0.23107.0
MinimumVisualStudioVersion = 10.0.40219.1
Project("{2150E333-8FDC-42A3-9474-1A3956D46DE8}") = "Solution Items", "Solution Items", "{6EDD7A43-8742-4C0C-B78B-3730A5CE91AA}"
EndProject
Project("{E24C65DC-7377-472B-9ABA-BC803B73C61A}") = "diggen.co.uk", "http://localhost:64402", "{D7B2FA76-FDDD-4145-875B-5FB7AB119F05}"
	ProjectSection(WebsiteProperties) = preProject
		SccProjectName = "SAK"
		SccAuxPath = "SAK"
		SccLocalPath = "SAK"
		SccProvider = "SAK"
		UseIISExpress = "true"
		TargetFrameworkMoniker = ".NETFramework,Version%3Dv4.0"
		Debug.AspNetCompiler.VirtualPath = "/localhost_64402"
		Debug.AspNetCompiler.PhysicalPath = "diggen.co.uk\"
		Debug.AspNetCompiler.TargetPath = "PrecompiledWeb\localhost_64402\"
		Debug.AspNetCompiler.Updateable = "true"
		Debug.AspNetCompiler.ForceOverwrite = "true"
		Debug.AspNetCompiler.FixedNames = "false"
		Debug.AspNetCompiler.Debug = "True"
		Release.AspNetCompiler.VirtualPath = "/localhost_64402"
		Release.AspNetCompiler.PhysicalPath = "diggen.co.uk\"
		Release.AspNetCompiler.TargetPath = "PrecompiledWeb\localhost_64402\"
		Release.AspNetCompiler.Updateable = "true"
		Release.AspNetCompiler.ForceOverwrite = "true"
		Release.AspNetCompiler.FixedNames = "false"
		Release.AspNetCompiler.Debug = "False"
		SlnRelativePath = "diggen.co.uk\"
	EndProjectSection
EndProject
Global
	GlobalSection(SolutionConfigurationPlatforms) = preSolution
		Debug|Any CPU = Debug|Any CPU
	EndGlobalSection
	GlobalSection(ProjectConfigurationPlatforms) = postSolution
		{D7B2FA76-FDDD-4145-875B-5FB7AB119F05}.Debug|Any CPU.ActiveCfg = Debug|Any CPU
		{D7B2FA76-FDDD-4145-875B-5FB7AB119F05}.Debug|Any CPU.Build.0 = Debug|Any CPU
	EndGlobalSection
	GlobalSection(SolutionProperties) = preSolution
		HideSolutionNode = FALSE
	EndGlobalSection
	GlobalSection(NestedProjects) = preSolution
		{D7B2FA76-FDDD-4145-875B-5FB7AB119F05} = {6EDD7A43-8742-4C0C-B78B-3730A5CE91AA}
	EndGlobalSection
	GlobalSection(TeamFoundationVersionControl) = preSolution
		SccNumberOfProjects = 2
		SccEnterpriseProvider = {4CA58AB2-18FA-4F8D-95D4-32DDF27D184C}
		SccTeamFoundationServer = https://maxsage.visualstudio.com/defaultcollection
		SccWebProject0 = true
		SccProjectUniqueName0 = http://localhost:64402
		SccProjectTopLevelParentUniqueName0 = diggen.co.uk.sln
		SccProjectName0 = diggen.co.uk
		SccLocalPath0 = diggen.co.uk
		SccProjectEnlistmentChoice0 = 2
		SccLocalPath1 = .
	EndGlobalSection
EndGlobal
